# This file is automatically @generated by Cargo.
# It is not intended for manual editing.
version = 3

[[package]]
name = "entropy"
version = "0.4.1"
source = "registry+https://github.com/rust-lang/crates.io-index"
checksum = "e885f8dca86fbf1999f9b4643d6e94e984c5c8b36073404dd227be3e5255f1d5"

[[package]]
name = "entropy_calc"
version = "0.1.0"
dependencies = [
 "entropy",
 "size-display",
]

[[package]]
name = "size-display"
version = "0.1.4"
source = "registry+https://github.com/rust-lang/crates.io-index"
checksum = "9df415f09e1c4d4f58cd0cd08b2f5385bc07cf1878e7a7846abc2225fa00e1e1"
